
Microsoft Visual Studio Solution File, Format Version 12.00
# Visual Studio Version 17
VisualStudioVersion = 17.14.36414.22 d17.14
MinimumVisualStudioVersion = 10.0.40219.1
Project("{FAE04EC0-301F-11D3-BF4B-00C04F79EFBC}") = "AnagramServer", "AnagramServer\AnagramServer.csproj", "{D43878BA-5FEB-489A-BC25-EA65EA85EBB1}"
EndProject
Global
	GlobalSection(SolutionConfigurationPlatforms) = preSolution
		Debug|Any CPU = Debug|Any CPU
		Release|Any CPU = Release|Any CPU
	EndGlobalSection
	GlobalSection(ProjectConfigurationPlatforms) = postSolution
		{D43878BA-5FEB-489A-BC25-EA65EA85EBB1}.Debug|Any CPU.ActiveCfg = Debug|Any CPU
		{D43878BA-5FEB-489A-BC25-EA65EA85EBB1}.Debug|Any CPU.Build.0 = Debug|Any CPU
		{D43878BA-5FEB-489A-BC25-EA65EA85EBB1}.Release|Any CPU.ActiveCfg = Release|Any CPU
		{D43878BA-5FEB-489A-BC25-EA65EA85EBB1}.Release|Any CPU.Build.0 = Release|Any CPU
	EndGlobalSection
	GlobalSection(SolutionProperties) = preSolution
		HideSolutionNode = FALSE
	EndGlobalSection
	GlobalSection(ExtensibilityGlobals) = postSolution
		SolutionGuid = {B00EF1C0-0068-4083-9E81-0C63A2408F7A}
	EndGlobalSection
EndGlobal
